// !$*UTF8*$!
{
	archiveVersion = 1;
	classes = {
	};
	objectVersion = 46;
	objects = {

/* Begin PBXBuildFile section */
		D4922E391C825CAA00612139 /* main.m in Sources */ = {isa = PBXBuildFile; fileRef = D4922E381C825CAA00612139 /* main.m */; };
		D4922E3C1C825CAA00612139 /* AppDelegate.m in Sources */ = {isa = PBXBuildFile; fileRef = D4922E3B1C825CAA00612139 /* AppDelegate.m */; };
		D4922E3F1C825CAA00612139 /* ViewController.m in Sources */ = {isa = PBXBuildFile; fileRef = D4922E3E1C825CAA00612139 /* ViewController.m */; };
		D4922E421C825CAA00612139 /* Main.storyboard in Resources */ = {isa = PBXBuildFile; fileRef = D4922E401C825CAA00612139 /* Main.storyboard */; };
		D4922E441C825CAA00612139 /* Assets.xcassets in Resources */ = {isa = PBXBuildFile; fileRef = D4922E431C825CAA00612139 /* Assets.xcassets */; };
		D4922E471C825CAA00612139 /* LaunchScreen.storyboard in Resources */ = {isa = PBXBuildFile; fileRef = D4922E451C825CAA00612139 /* LaunchScreen.storyboard */; };
		D4922E521C825CAA00612139 /* SQLite3DBSampleTests.m in Sources */ = {isa = PBXBuildFile; fileRef = D4922E511C825CAA00612139 /* SQLite3DBSampleTests.m */; };
		D4922E5D1C825CAA00612139 /* SQLite3DBSampleUITests.m in Sources */ = {isa = PBXBuildFile; fileRef = D4922E5C1C825CAA00612139 /* SQLite3DBSampleUITests.m */; };
		D4922E6B1C825CC500612139 /* CoreGraphics.framework in Frameworks */ = {isa = PBXBuildFile; fileRef = D4922E6A1C825CC500612139 /* CoreGraphics.framework */; };
		D4922E6D1C825CCF00612139 /* UIKit.framework in Frameworks */ = {isa = PBXBuildFile; fileRef = D4922E6C1C825CCF00612139 /* UIKit.framework */; };
		D4922E6F1C825CD700612139 /* Foundation.framework in Frameworks */ = {isa = PBXBuildFile; fileRef = D4922E6E1C825CD700612139 /* Foundation.framework */; };
		D4922E711C825CEB00612139 /* libsqlite3.tbd in Frameworks */ = {isa = PBXBuildFile; fileRef = D4922E701C825CEB00612139 /* libsqlite3.tbd */; };
		D4922E741C825D5C00612139 /* DBManager.m in Sources */ = {isa = PBXBuildFile; fileRef = D4922E731C825D5C00612139 /* DBManager.m */; };
		D4922E781C82616E00612139 /* sampledb.sql in Resources */ = {isa = PBXBuildFile; fileRef = D4922E771C82616E00612139 /* sampledb.sql */; };
		D4922E7B1C82651A00612139 /* EditInfoViewController.m in Sources */ = {isa = PBXBuildFile; fileRef = D4922E7A1C82651A00612139 /* EditInfoViewController.m */; };
/* End PBXBuildFile section */

/* Begin PBXContainerItemProxy section */
		D4922E4E1C825CAA00612139 /* PBXContainerItemProxy */ = {
			isa = PBXContainerItemProxy;
			containerPortal = D4922E2C1C825CAA00612139 /* Project object */;
			proxyType = 1;
			remoteGlobalIDString = D4922E331C825CAA00612139;
			remoteInfo = SQLite3DBSample;
		};
		D4922E591C825CAA00612139 /* PBXContainerItemProxy */ = {
			isa = PBXContainerItemProxy;
			containerPortal = D4922E2C1C825CAA00612139 /* Project object */;
			proxyType = 1;
			remoteGlobalIDString = D4922E331C825CAA00612139;
			remoteInfo = SQLite3DBSample;
		};
/* End PBXContainerItemProxy section */

/* Begin PBXFileReference section */
		D4922E341C825CAA00612139 /* SQLite3DBSample.app */ = {isa = PBXFileReference; explicitFileType = wrapper.application; includeInIndex = 0; path = SQLite3DBSample.app; sourceTree = BUILT_PRODUCTS_DIR; };
		D4922E381C825CAA00612139 /* main.m */ = {isa = PBXFileReference; lastKnownFileType = sourcecode.c.objc; path = main.m; sourceTree = "<group>"; };
		D4922E3A1C825CAA00612139 /* AppDelegate.h */ = {isa = PBXFileReference; lastKnownFileType = sourcecode.c.h; path = AppDelegate.h; sourceTree = "<group>"; };
		D4922E3B1C825CAA00612139 /* AppDelegate.m */ = {isa = PBXFileReference; lastKnownFileType = sourcecode.c.objc; path = AppDelegate.m; sourceTree = "<group>"; };
		D4922E3D1C825CAA00612139 /* ViewController.h */ = {isa = PBXFileReference; lastKnownFileType = sourcecode.c.h; path = ViewController.h; sourceTree = "<group>"; };
		D4922E3E1C825CAA00612139 /* ViewController.m */ = {isa = PBXFileReference; lastKnownFileType = sourcecode.c.objc; path = ViewController.m; sourceTree = "<group>"; };
		D4922E411C825CAA00612139 /* Base */ = {isa = PBXFileReference; lastKnownFileType = file.storyboard; name = Base; path = Base.lproj/Main.storyboard; sourceTree = "<group>"; };
		D4922E431C825CAA00612139 /* Assets.xcassets */ = {isa = PBXFileReference; lastKnownFileType = folder.assetcatalog; path = Assets.xcassets; sourceTree = "<group>"; };
		D4922E461C825CAA00612139 /* Base */ = {isa = PBXFileReference; lastKnownFileType = file.storyboard; name = Base; path = Base.lproj/LaunchScreen.storyboard; sourceTree = "<group>"; };
		D4922E481C825CAA00612139 /* Info.plist */ = {isa = PBXFileReference; lastKnownFileType = text.plist.xml; path = Info.plist; sourceTree = "<group>"; };
		D4922E4D1C825CAA00612139 /* SQLite3DBSampleTests.xctest */ = {isa = PBXFileReference; explicitFileType = wrapper.cfbundle; includeInIndex = 0; path = SQLite3DBSampleTests.xctest; sourceTree = BUILT_PRODUCTS_DIR; };
		D4922E511C825CAA00612139 /* SQLite3DBSampleTests.m */ = {isa = PBXFileReference; lastKnownFileType = sourcecode.c.objc; path = SQLite3DBSampleTests.m; sourceTree = "<group>"; };
		D4922E531C825CAA00612139 /* Info.plist */ = {isa = PBXFileReference; lastKnownFileType = text.plist.xml; path = Info.plist; sourceTree = "<group>"; };
		D4922E581C825CAA00612139 /* SQLite3DBSampleUITests.xctest */ = {isa = PBXFileReference; explicitFileType = wrapper.cfbundle; includeInIndex = 0; path = SQLite3DBSampleUITests.xctest; sourceTree = BUILT_PRODUCTS_DIR; };
		D4922E5C1C825CAA00612139 /* SQLite3DBSampleUITests.m */ = {isa = PBXFileReference; lastKnownFileType = sourcecode.c.objc; path = SQLite3DBSampleUITests.m; sourceTree = "<group>"; };
		D4922E5E1C825CAA00612139 /* Info.plist */ = {isa = PBXFileReference; lastKnownFileType = text.plist.xml; path = Info.plist; sourceTree = "<group>"; };
		D4922E6A1C825CC500612139 /* CoreGraphics.framework */ = {isa = PBXFileReference; lastKnownFileType = wrapper.framework; name = CoreGraphics.framework; path = System/Library/Frameworks/CoreGraphics.framework; sourceTree = SDKROOT; };
		D4922E6C1C825CCF00612139 /* UIKit.framework */ = {isa = PBXFileReference; lastKnownFileType = wrapper.framework; name = UIKit.framework; path = System/Library/Frameworks/UIKit.framework; sourceTree = SDKROOT; };
		D4922E6E1C825CD700612139 /* Foundation.framework */ = {isa = PBXFileReference; lastKnownFileType = wrapper.framework; name = Foundation.framework; path = System/Library/Frameworks/Foundation.framework; sourceTree = SDKROOT; };
		D4922E701C825CEB00612139 /* libsqlite3.tbd */ = {isa = PBXFileReference; lastKnownFileType = "sourcecode.text-based-dylib-definition"; name = libsqlite3.tbd; path = usr/lib/libsqlite3.tbd; sourceTree = SDKROOT; };
		D4922E721C825D5C00612139 /* DBManager.h */ = {isa = PBXFileReference; fileEncoding = 4; lastKnownFileType = sourcecode.c.h; path = DBManager.h; sourceTree = "<group>"; };
		D4922E731C825D5C00612139 /* DBManager.m */ = {isa = PBXFileReference; fileEncoding = 4; lastKnownFileType = sourcecode.c.objc; path = DBManager.m; sourceTree = "<group>"; };
		D4922E771C82616E00612139 /* sampledb.sql */ = {isa = PBXFileReference; lastKnownFileType = file; path = sampledb.sql; sourceTree = "<group>"; };
		D4922E791C82651A00612139 /* EditInfoViewController.h */ = {isa = PBXFileReference; fileEncoding = 4; lastKnownFileType = sourcecode.c.h; path = EditInfoViewController.h; sourceTree = "<group>"; };
		D4922E7A1C82651A00612139 /* EditInfoViewController.m */ = {isa = PBXFileReference; fileEncoding = 4; lastKnownFileType = sourcecode.c.objc; path = EditInfoViewController.m; sourceTree = "<group>"; };
/* End PBXFileReference section */

/* Begin PBXFrameworksBuildPhase section */
		D4922E311C825CAA00612139 /* Frameworks */ = {
			isa = PBXFrameworksBuildPhase;
			buildActionMask = 2147483647;
			files = (
				D4922E711C825CEB00612139 /* libsqlite3.tbd in Frameworks */,
				D4922E6F1C825CD700612139 /* Foundation.framework in Frameworks */,
				D4922E6D1C825CCF00612139 /* UIKit.framework in Frameworks */,
				D4922E6B1C825CC500612139 /* CoreGraphics.framework in Frameworks */,
			);
			runOnlyForDeploymentPostprocessing = 0;
		};
		D4922E4A1C825CAA00612139 /* Frameworks */ = {
			isa = PBXFrameworksBuildPhase;
			buildActionMask = 2147483647;
			files = (
			);
			runOnlyForDeploymentPostprocessing = 0;
		};
		D4922E551C825CAA00612139 /* Frameworks */ = {
			isa = PBXFrameworksBuildPhase;
			buildActionMask = 2147483647;
			files = (
			);
			runOnlyForDeploymentPostprocessing = 0;
		};
/* End PBXFrameworksBuildPhase section */

/* Begin PBXGroup section */
		D4922E2B1C825CAA00612139 = {
			isa = PBXGroup;
			children = (
				D4922E771C82616E00612139 /* sampledb.sql */,
				D4922E701C825CEB00612139 /* libsqlite3.tbd */,
				D4922E6E1C825CD700612139 /* Foundation.framework */,
				D4922E6C1C825CCF00612139 /* UIKit.framework */,
				D4922E6A1C825CC500612139 /* CoreGraphics.framework */,
				D4922E361C825CAA00612139 /* SQLite3DBSample */,
				D4922E501C825CAA00612139 /* SQLite3DBSampleTests */,
				D4922E5B1C825CAA00612139 /* SQLite3DBSampleUITests */,
				D4922E351C825CAA00612139 /* Products */,
			);
			sourceTree = "<group>";
		};
		D4922E351C825CAA00612139 /* Products */ = {
			isa = PBXGroup;
			children = (
				D4922E341C825CAA00612139 /* SQLite3DBSample.app */,
				D4922E4D1C825CAA00612139 /* SQLite3DBSampleTests.xctest */,
				D4922E581C825CAA00612139 /* SQLite3DBSampleUITests.xctest */,
			);
			name = Products;
			sourceTree = "<group>";
		};
		D4922E361C825CAA00612139 /* SQLite3DBSample */ = {
			isa = PBXGroup;
			children = (
				D4922E3A1C825CAA00612139 /* AppDelegate.h */,
				D4922E721C825D5C00612139 /* DBManager.h */,
				D4922E731C825D5C00612139 /* DBManager.m */,
				D4922E3B1C825CAA00612139 /* AppDelegate.m */,
				D4922E3D1C825CAA00612139 /* ViewController.h */,
				D4922E3E1C825CAA00612139 /* ViewController.m */,
				D4922E401C825CAA00612139 /* Main.storyboard */,
				D4922E791C82651A00612139 /* EditInfoViewController.h */,
				D4922E7A1C82651A00612139 /* EditInfoViewController.m */,
				D4922E431C825CAA00612139 /* Assets.xcassets */,
				D4922E451C825CAA00612139 /* LaunchScreen.storyboard */,
				D4922E481C825CAA00612139 /* Info.plist */,
				D4922E371C825CAA00612139 /* Supporting Files */,
			);
			path = SQLite3DBSample;
			sourceTree = "<group>";
		};
		D4922E371C825CAA00612139 /* Supporting Files */ = {
			isa = PBXGroup;
			children = (
				D4922E381C825CAA00612139 /* main.m */,
			);
			name = "Supporting Files";
			sourceTree = "<group>";
		};
		D4922E501C825CAA00612139 /* SQLite3DBSampleTests */ = {
			isa = PBXGroup;
			children = (
				D4922E511C825CAA00612139 /* SQLite3DBSampleTests.m */,
				D4922E531C825CAA00612139 /* Info.plist */,
			);
			path = SQLite3DBSampleTests;
			sourceTree = "<group>";
		};
		D4922E5B1C825CAA00612139 /* SQLite3DBSampleUITests */ = {
			isa = PBXGroup;
			children = (
				D4922E5C1C825CAA00612139 /* SQLite3DBSampleUITests.m */,
				D4922E5E1C825CAA00612139 /* Info.plist */,
			);
			path = SQLite3DBSampleUITests;
			sourceTree = "<group>";
		};
/* End PBXGroup section */

/* Begin PBXNativeTarget section */
		D4922E331C825CAA00612139 /* SQLite3DBSample */ = {
			isa = PBXNativeTarget;
			buildConfigurationList = D4922E611C825CAA00612139 /* Build configuration list for PBXNativeTarget "SQLite3DBSample" */;
			buildPhases = (
				D4922E301C825CAA00612139 /* Sources */,
				D4922E311C825CAA00612139 /* Frameworks */,
				D4922E321C825CAA00612139 /* Resources */,
			);
			buildRules = (
			);
			dependencies = (
			);
			name = SQLite3DBSample;
			productName = SQLite3DBSample;
			productReference = D4922E341C825CAA00612139 /* SQLite3DBSample.app */;
			productType = "com.apple.product-type.application";
		};
		D4922E4C1C825CAA00612139 /* SQLite3DBSampleTests */ = {
			isa = PBXNativeTarget;
			buildConfigurationList = D4922E641C825CAA00612139 /* Build configuration list for PBXNativeTarget "SQLite3DBSampleTests" */;
			buildPhases = (
				D4922E491C825CAA00612139 /* Sources */,
				D4922E4A1C825CAA00612139 /* Frameworks */,
				D4922E4B1C825CAA00612139 /* Resources */,
			);
			buildRules = (
			);
			dependencies = (
				D4922E4F1C825CAA00612139 /* PBXTargetDependency */,
			);
			name = SQLite3DBSampleTests;
			productName = SQLite3DBSampleTests;
			productReference = D4922E4D1C825CAA00612139 /* SQLite3DBSampleTests.xctest */;
			productType = "com.apple.product-type.bundle.unit-test";
		};
		D4922E571C825CAA00612139 /* SQLite3DBSampleUITests */ = {
			isa = PBXNativeTarget;
			buildConfigurationList = D4922E671C825CAA00612139 /* Build configuration list for PBXNativeTarget "SQLite3DBSampleUITests" */;
			buildPhases = (
				D4922E541C825CAA00612139 /* Sources */,
				D4922E551C825CAA00612139 /* Frameworks */,
				D4922E561C825CAA00612139 /* Resources */,
			);
			buildRules = (
			);
			dependencies = (
				D4922E5A1C825CAA00612139 /* PBXTargetDependency */,
			);
			name = SQLite3DBSampleUITests;
			productName = SQLite3DBSampleUITests;
			productReference = D4922E581C825CAA00612139 /* SQLite3DBSampleUITests.xctest */;
			productType = "com.apple.product-type.bundle.ui-testing";
		};
/* End PBXNativeTarget section */

/* Begin PBXProject section */
		D4922E2C1C825CAA00612139 /* Project object */ = {
			isa = PBXProject;
			attributes = {
				LastUpgradeCheck = 0730;
				ORGANIZATIONNAME = "Callie Jones";
				TargetAttributes = {
					D4922E331C825CAA00612139 = {
						CreatedOnToolsVersion = 7.3;
					};
					D4922E4C1C825CAA00612139 = {
						CreatedOnToolsVersion = 7.3;
						TestTargetID = D4922E331C825CAA00612139;
					};
					D4922E571C825CAA00612139 = {
						CreatedOnToolsVersion = 7.3;
						TestTargetID = D4922E331C825CAA00612139;
					};
				};
			};
			buildConfigurationList = D4922E2F1C825CAA00612139 /* Build configuration list for PBXProject "SQLite3DBSample" */;
			compatibilityVersion = "Xcode 3.2";
			developmentRegion = English;
			hasScannedForEncodings = 0;
			knownRegions = (
				en,
				Base,
			);
			mainGroup = D4922E2B1C825CAA00612139;
			productRefGroup = D4922E351C825CAA00612139 /* Products */;
			projectDirPath = "";
			projectRoot = "";
			targets = (
				D4922E331C825CAA00612139 /* SQLite3DBSample */,
				D4922E4C1C825CAA00612139 /* SQLite3DBSampleTests */,
				D4922E571C825CAA00612139 /* SQLite3DBSampleUITests */,
			);
		};
/* End PBXProject section */

/* Begin PBXResourcesBuildPhase section */
		D4922E321C825CAA00612139 /* Resources */ = {
			isa = PBXResourcesBuildPhase;
			buildActionMask = 2147483647;
			files = (
				D4922E471C825CAA00612139 /* LaunchScreen.storyboard in Resources */,
				D4922E441C825CAA00612139 /* Assets.xcassets in Resources */,
				D4922E781C82616E00612139 /* sampledb.sql in Resources */,
				D4922E421C825CAA00612139 /* Main.storyboard in Resources */,
			);
			runOnlyForDeploymentPostprocessing = 0;
		};
		D4922E4B1C825CAA00612139 /* Resources */ = {
			isa = PBXResourcesBuildPhase;
			buildActionMask = 2147483647;
			files = (
			);
			runOnlyForDeploymentPostprocessing = 0;
		};
		D4922E561C825CAA00612139 /* Resources */ = {
			isa = PBXResourcesBuildPhase;
			buildActionMask = 2147483647;
			files = (
			);
			runOnlyForDeploymentPostprocessing = 0;
		};
/* End PBXResourcesBuildPhase section */

/* Begin PBXSourcesBuildPhase section */
		D4922E301C825CAA00612139 /* Sources */ = {
			isa = PBXSourcesBuildPhase;
			buildActionMask = 2147483647;
			files = (
				D4922E7B1C82651A00612139 /* EditInfoViewController.m in Sources */,
				D4922E3F1C825CAA00612139 /* ViewController.m in Sources */,
				D4922E3C1C825CAA00612139 /* AppDelegate.m in Sources */,
				D4922E391C825CAA00612139 /* main.m in Sources */,
				D4922E741C825D5C00612139 /* DBManager.m in Sources */,
			);
			runOnlyForDeploymentPostprocessing = 0;
		};
		D4922E491C825CAA00612139 /* Sources */ = {
			isa = PBXSourcesBuildPhase;
			buildActionMask = 2147483647;
			files = (
				D4922E521C825CAA00612139 /* SQLite3DBSampleTests.m in Sources */,
			);
			runOnlyForDeploymentPostprocessing = 0;
		};
		D4922E541C825CAA00612139 /* Sources */ = {
			isa = PBXSourcesBuildPhase;
			buildActionMask = 2147483647;
			files = (
				D4922E5D1C825CAA00612139 /* SQLite3DBSampleUITests.m in Sources */,
			);
			runOnlyForDeploymentPostprocessing = 0;
		};
/* End PBXSourcesBuildPhase section */

/* Begin PBXTargetDependency section */
		D4922E4F1C825CAA00612139 /* PBXTargetDependency */ = {
			isa = PBXTargetDependency;
			target = D4922E331C825CAA00612139 /* SQLite3DBSample */;
			targetProxy = D4922E4E1C825CAA00612139 /* PBXContainerItemProxy */;
		};
		D4922E5A1C825CAA00612139 /* PBXTargetDependency */ = {
			isa = PBXTargetDependency;
			target = D4922E331C825CAA00612139 /* SQLite3DBSample */;
			targetProxy = D4922E591C825CAA00612139 /* PBXContainerItemProxy */;
		};
/* End PBXTargetDependency section */

/* Begin PBXVariantGroup section */
		D4922E401C825CAA00612139 /* Main.storyboard */ = {
			isa = PBXVariantGroup;
			children = (
				D4922E411C825CAA00612139 /* Base */,
			);
			name = Main.storyboard;
			sourceTree = "<group>";
		};
		D4922E451C825CAA00612139 /* LaunchScreen.storyboard */ = {
			isa = PBXVariantGroup;
			children = (
				D4922E461C825CAA00612139 /* Base */,
			);
			name = LaunchScreen.storyboard;
			sourceTree = "<group>";
		};
/* End PBXVariantGroup section */

/* Begin XCBuildConfiguration section */
		D4922E5F1C825CAA00612139 /* Debug */ = {
			isa = XCBuildConfiguration;
			buildSettings = {
				ALWAYS_SEARCH_USER_PATHS = NO;
				CLANG_ANALYZER_NONNULL = YES;
				CLANG_CXX_LANGUAGE_STANDARD = "gnu++0x";
				CLANG_CXX_LIBRARY = "libc++";
				CLANG_ENABLE_MODULES = YES;
				CLANG_ENABLE_OBJC_ARC = YES;
				CLANG_WARN_BOOL_CONVERSION = YES;
				CLANG_WARN_CONSTANT_CONVERSION = YES;
				CLANG_WARN_DIRECT_OBJC_ISA_USAGE = YES_ERROR;
				CLANG_WARN_EMPTY_BODY = YES;
				CLANG_WARN_ENUM_CONVERSION = YES;
				CLANG_WARN_INT_CONVERSION = YES;
				CLANG_WARN_OBJC_ROOT_CLASS = YES_ERROR;
				CLANG_WARN_UNREACHABLE_CODE = YES;
				CLANG_WARN__DUPLICATE_METHOD_MATCH = YES;
				"CODE_SIGN_IDENTITY[sdk=iphoneos*]" = "iPhone Developer";
				COPY_PHASE_STRIP = NO;
				DEBUG_INFORMATION_FORMAT = dwarf;
				ENABLE_STRICT_OBJC_MSGSEND = YES;
				ENABLE_TESTABILITY = YES;
				GCC_C_LANGUAGE_STANDARD = gnu99;
				GCC_DYNAMIC_NO_PIC = NO;
				GCC_NO_COMMON_BLOCKS = YES;
				GCC_OPTIMIZATION_LEVEL = 0;
				GCC_PREPROCESSOR_DEFINITIONS = (
					"DEBUG=1",
					"$(inherited)",
				);
				GCC_WARN_64_TO_32_BIT_CONVERSION = YES;
				GCC_WARN_ABOUT_RETURN_TYPE = YES_ERROR;
				GCC_WARN_UNDECLARED_SELECTOR = YES;
				GCC_WARN_UNINITIALIZED_AUTOS = YES_AGGRESSIVE;
				GCC_WARN_UNUSED_FUNCTION = YES;
				GCC_WARN_UNUSED_VARIABLE = YES;
				IPHONEOS_DEPLOYMENT_TARGET = 9.3;
				MTL_ENABLE_DEBUG_INFO = YES;
				ONLY_ACTIVE_ARCH = YES;
				SDKROOT = iphoneos;
			};
			name = Debug;
		};
		D4922E601C825CAA00612139 /* Release */ = {
			isa = XCBuildConfiguration;
			buildSettings = {
				ALWAYS_SEARCH_USER_PATHS = NO;
				CLANG_ANALYZER_NONNULL = YES;
				CLANG_CXX_LANGUAGE_STANDARD = "gnu++0x";
				CLANG_CXX_LIBRARY = "libc++";
				CLANG_ENABLE_MODULES = YES;
				CLANG_ENABLE_OBJC_ARC = YES;
				CLANG_WARN_BOOL_CONVERSION = YES;
				CLANG_WARN_CONSTANT_CONVERSION = YES;
				CLANG_WARN_DIRECT_OBJC_ISA_USAGE = YES_ERROR;
				CLANG_WARN_EMPTY_BODY = YES;
				CLANG_WARN_ENUM_CONVERSION = YES;
				CLANG_WARN_INT_CONVERSION = YES;
				CLANG_WARN_OBJC_ROOT_CLASS = YES_ERROR;
				CLANG_WARN_UNREACHABLE_CODE = YES;
				CLANG_WARN__DUPLICATE_METHOD_MATCH = YES;
				"CODE_SIGN_IDENTITY[sdk=iphoneos*]" = "iPhone Developer";
				COPY_PHASE_STRIP = NO;
				DEBUG_INFORMATION_FORMAT = "dwarf-with-dsym";
				ENABLE_NS_ASSERTIONS = NO;
				ENABLE_STRICT_OBJC_MSGSEND = YES;
				GCC_C_LANGUAGE_STANDARD = gnu99;
				GCC_NO_COMMON_BLOCKS = YES;
				GCC_WARN_64_TO_32_BIT_CONVERSION = YES;
				GCC_WARN_ABOUT_RETURN_TYPE = YES_ERROR;
				GCC_WARN_UNDECLARED_SELECTOR = YES;
				GCC_WARN_UNINITIALIZED_AUTOS = YES_AGGRESSIVE;
				GCC_WARN_UNUSED_FUNCTION = YES;
				GCC_WARN_UNUSED_VARIABLE = YES;
				IPHONEOS_DEPLOYMENT_TARGET = 9.3;
				MTL_ENABLE_DEBUG_INFO = NO;
				SDKROOT = iphoneos;
				VALIDATE_PRODUCT = YES;
			};
			name = Release;
		};
		D4922E621C825CAA00612139 /* Debug */ = {
			isa = XCBuildConfiguration;
			buildSettings = {
				ASSETCATALOG_COMPILER_APPICON_NAME = AppIcon;
				INFOPLIST_FILE = SQLite3DBSample/Info.plist;
				IPHONEOS_DEPLOYMENT_TARGET = 7.1;
				LD_RUNPATH_SEARCH_PATHS = "$(inherited) @executable_path/Frameworks";
				PRODUCT_BUNDLE_IDENTIFIER = experiment.SQLite3DBSample;
				PRODUCT_NAME = "$(TARGET_NAME)";
			};
			name = Debug;
		};
		D4922E631C825CAA00612139 /* Release */ = {
			isa = XCBuildConfiguration;
			buildSettings = {
				ASSETCATALOG_COMPILER_APPICON_NAME = AppIcon;
				INFOPLIST_FILE = SQLite3DBSample/Info.plist;
				IPHONEOS_DEPLOYMENT_TARGET = 7.1;
				LD_RUNPATH_SEARCH_PATHS = "$(inherited) @executable_path/Frameworks";
				PRODUCT_BUNDLE_IDENTIFIER = experiment.SQLite3DBSample;
				PRODUCT_NAME = "$(TARGET_NAME)";
			};
			name = Release;
		};
		D4922E651C825CAA00612139 /* Debug */ = {
			isa = XCBuildConfiguration;
			buildSettings = {
				BUNDLE_LOADER = "$(TEST_HOST)";
				INFOPLIST_FILE = SQLite3DBSampleTests/Info.plist;
				LD_RUNPATH_SEARCH_PATHS = "$(inherited) @executable_path/Frameworks @loader_path/Frameworks";
				PRODUCT_BUNDLE_IDENTIFIER = experiment.SQLite3DBSampleTests;
				PRODUCT_NAME = "$(TARGET_NAME)";
				TEST_HOST = "$(BUILT_PRODUCTS_DIR)/SQLite3DBSample.app/SQLite3DBSample";
			};
			name = Debug;
		};
		D4922E661C825CAA00612139 /* Release */ = {
			isa = XCBuildConfiguration;
			buildSettings = {
				BUNDLE_LOADER = "$(TEST_HOST)";
				INFOPLIST_FILE = SQLite3DBSampleTests/Info.plist;
				LD_RUNPATH_SEARCH_PATHS = "$(inherited) @executable_path/Frameworks @loader_path/Frameworks";
				PRODUCT_BUNDLE_IDENTIFIER = experiment.SQLite3DBSampleTests;
				PRODUCT_NAME = "$(TARGET_NAME)";
				TEST_HOST = "$(BUILT_PRODUCTS_DIR)/SQLite3DBSample.app/SQLite3DBSample";
			};
			name = Release;
		};
		D4922E681C825CAA00612139 /* Debug */ = {
			isa = XCBuildConfiguration;
			buildSettings = {
				INFOPLIST_FILE = SQLite3DBSampleUITests/Info.plist;
				LD_RUNPATH_SEARCH_PATHS = "$(inherited) @executable_path/Frameworks @loader_path/Frameworks";
				PRODUCT_BUNDLE_IDENTIFIER = experiment.SQLite3DBSampleUITests;
				PRODUCT_NAME = "$(TARGET_NAME)";
				TEST_TARGET_NAME = SQLite3DBSample;
			};
			name = Debug;
		};
		D4922E691C825CAA00612139 /* Release */ = {
			isa = XCBuildConfiguration;
			buildSettings = {
				INFOPLIST_FILE = SQLite3DBSampleUITests/Info.plist;
				LD_RUNPATH_SEARCH_PATHS = "$(inherited) @executable_path/Frameworks @loader_path/Frameworks";
				PRODUCT_BUNDLE_IDENTIFIER = experiment.SQLite3DBSampleUITests;
				PRODUCT_NAME = "$(TARGET_NAME)";
				TEST_TARGET_NAME = SQLite3DBSample;
			};
			name = Release;
		};
/* End XCBuildConfiguration section */

/* Begin XCConfigurationList section */
		D4922E2F1C825CAA00612139 /* Build configuration list for PBXProject "SQLite3DBSample" */ = {
			isa = XCConfigurationList;
			buildConfigurations = (
				D4922E5F1C825CAA00612139 /* Debug */,
				D4922E601C825CAA00612139 /* Release */,
			);
			defaultConfigurationIsVisible = 0;
			defaultConfigurationName = Release;
		};
		D4922E611C825CAA00612139 /* Build configuration list for PBXNativeTarget "SQLite3DBSample" */ = {
			isa = XCConfigurationList;
			buildConfigurations = (
				D4922E621C825CAA00612139 /* Debug */,
				D4922E631C825CAA00612139 /* Release */,
			);
			defaultConfigurationIsVisible = 0;
			defaultConfigurationName = Release;
		};
		D4922E641C825CAA00612139 /* Build configuration list for PBXNativeTarget "SQLite3DBSampleTests" */ = {
			isa = XCConfigurationList;
			buildConfigurations = (
				D4922E651C825CAA00612139 /* Debug */,
				D4922E661C825CAA00612139 /* Release */,
			);
			defaultConfigurationIsVisible = 0;
			defaultConfigurationName = Release;
		};
		D4922E671C825CAA00612139 /* Build configuration list for PBXNativeTarget "SQLite3DBSampleUITests" */ = {
			isa = XCConfigurationList;
			buildConfigurations = (
				D4922E681C825CAA00612139 /* Debug */,
				D4922E691C825CAA00612139 /* Release */,
			);
			defaultConfigurationIsVisible = 0;
			defaultConfigurationName = Release;
		};
/* End XCConfigurationList section */
	};
	rootObject = D4922E2C1C825CAA00612139 /* Project object */;
}
